
Microsoft Visual Studio Solution File, Format Version 12.00
# Visual Studio 2015
Project("{FAE04EC0-301F-11D3-BF4B-00C04F79EFBC}") = "valentinesVR.CSharp.Plugins", "valentinesVR.CSharp.Plugins.csproj", "{22928453-A165-F473-451F-6CC3080FD218}"
EndProject
Project("{FAE04EC0-301F-11D3-BF4B-00C04F79EFBC}") = "valentinesVR.CSharp", "valentinesVR.CSharp.csproj", "{ECBFCFB2-10BE-2A62-E151-FD672942A444}"
EndProject
Project("{FAE04EC0-301F-11D3-BF4B-00C04F79EFBC}") = "valentinesVR.CSharp.Editor", "valentinesVR.CSharp.Editor.csproj", "{3C2CCB1E-DE8A-F476-B950-3969E8C0FE8A}"
EndProject
Global
	GlobalSection(SolutionConfigurationPlatforms) = preSolution
		Debug|Any CPU = Debug|Any CPU
		Release|Any CPU = Release|Any CPU
	EndGlobalSection
	GlobalSection(ProjectConfigurationPlatforms) = postSolution
		{22928453-A165-F473-451F-6CC3080FD218}.Debug|Any CPU.ActiveCfg = Debug|Any CPU
		{22928453-A165-F473-451F-6CC3080FD218}.Debug|Any CPU.Build.0 = Debug|Any CPU
		{22928453-A165-F473-451F-6CC3080FD218}.Release|Any CPU.ActiveCfg = Release|Any CPU
		{22928453-A165-F473-451F-6CC3080FD218}.Release|Any CPU.Build.0 = Release|Any CPU
		{ECBFCFB2-10BE-2A62-E151-FD672942A444}.Debug|Any CPU.ActiveCfg = Debug|Any CPU
		{ECBFCFB2-10BE-2A62-E151-FD672942A444}.Debug|Any CPU.Build.0 = Debug|Any CPU
		{ECBFCFB2-10BE-2A62-E151-FD672942A444}.Release|Any CPU.ActiveCfg = Release|Any CPU
		{ECBFCFB2-10BE-2A62-E151-FD672942A444}.Release|Any CPU.Build.0 = Release|Any CPU
		{3C2CCB1E-DE8A-F476-B950-3969E8C0FE8A}.Debug|Any CPU.ActiveCfg = Debug|Any CPU
		{3C2CCB1E-DE8A-F476-B950-3969E8C0FE8A}.Debug|Any CPU.Build.0 = Debug|Any CPU
		{3C2CCB1E-DE8A-F476-B950-3969E8C0FE8A}.Release|Any CPU.ActiveCfg = Release|Any CPU
		{3C2CCB1E-DE8A-F476-B950-3969E8C0FE8A}.Release|Any CPU.Build.0 = Release|Any CPU
	EndGlobalSection
	GlobalSection(SolutionProperties) = preSolution
		HideSolutionNode = FALSE
	EndGlobalSection
EndGlobal
