Microsoft Visual Studio Solution File, Format Version 11.00
# Visual Studio 2008

Project("{6050BFEC-EEF0-8731-8505-B97F6224BF36}") = "valentinesVR", "Assembly-CSharp-firstpass.csproj", "{429C4E23-9761-9ED2-3237-7756431C1F98}"
EndProject
Project("{6050BFEC-EEF0-8731-8505-B97F6224BF36}") = "valentinesVR", "Assembly-CSharp.csproj", "{3AB8CD76-8A7F-C410-7162-4F3FB8E22AF8}"
EndProject
Project("{6050BFEC-EEF0-8731-8505-B97F6224BF36}") = "valentinesVR", "Assembly-CSharp-Editor.csproj", "{A66ACBB4-3705-B64F-DEE5-FE5A90234B11}"
EndProject
Global
	GlobalSection(SolutionConfigurationPlatforms) = preSolution
		Debug|Any CPU = Debug|Any CPU
		Release|Any CPU = Release|Any CPU
	EndGlobalSection
	GlobalSection(ProjectConfigurationPlatforms) = postSolution
		{429C4E23-9761-9ED2-3237-7756431C1F98}.Debug|Any CPU.ActiveCfg = Debug|Any CPU
		{429C4E23-9761-9ED2-3237-7756431C1F98}.Debug|Any CPU.Build.0 = Debug|Any CPU
		{429C4E23-9761-9ED2-3237-7756431C1F98}.Release|Any CPU.ActiveCfg = Release|Any CPU
		{429C4E23-9761-9ED2-3237-7756431C1F98}.Release|Any CPU.Build.0 = Release|Any CPU
		{3AB8CD76-8A7F-C410-7162-4F3FB8E22AF8}.Debug|Any CPU.ActiveCfg = Debug|Any CPU
		{3AB8CD76-8A7F-C410-7162-4F3FB8E22AF8}.Debug|Any CPU.Build.0 = Debug|Any CPU
		{3AB8CD76-8A7F-C410-7162-4F3FB8E22AF8}.Release|Any CPU.ActiveCfg = Release|Any CPU
		{3AB8CD76-8A7F-C410-7162-4F3FB8E22AF8}.Release|Any CPU.Build.0 = Release|Any CPU
		{A66ACBB4-3705-B64F-DEE5-FE5A90234B11}.Debug|Any CPU.ActiveCfg = Debug|Any CPU
		{A66ACBB4-3705-B64F-DEE5-FE5A90234B11}.Debug|Any CPU.Build.0 = Debug|Any CPU
		{A66ACBB4-3705-B64F-DEE5-FE5A90234B11}.Release|Any CPU.ActiveCfg = Release|Any CPU
		{A66ACBB4-3705-B64F-DEE5-FE5A90234B11}.Release|Any CPU.Build.0 = Release|Any CPU
	EndGlobalSection
	GlobalSection(SolutionProperties) = preSolution
		HideSolutionNode = FALSE
	EndGlobalSection
	GlobalSection(MonoDevelopProperties) = preSolution
		StartupItem = Assembly-CSharp.csproj
	EndGlobalSection
EndGlobal
